{
  "name": "microtonal-cyclic-polyrhythm-generator",
  "version": "1.0.0",
  "lockfileVersion": 2,
  "requires": true,
  "packages": {
    "": {
      "name": "microtonal-cyclic-polyrhythm-generator",
      "version": "1.0.0",
      "license": "CC-BY-3.0",
      "dependencies": {
        "@perry-rylance/midi": "^1.0.2",
        "@types/node": "^20.4.2"
      }
    },
    "node_modules/@perry-rylance/midi": {
      "version": "1.0.2",
      "resolved": "https://registry.npmjs.org/@perry-rylance/midi/-/midi-1.0.2.tgz",
      "integrity": "sha512-76l8FlHjtPwVBfALYZueoTKBlWyC0dU74mzCzJDdWgt0wcQQkqz9l5bVeTu85OcUd/IiAExSbWFMMhSa4EttPw=="
    },
    "node_modules/@types/node": {
      "version": "20.4.2",
      "resolved": "https://registry.npmjs.org/@types/node/-/node-20.4.2.tgz",
      "integrity": "sha512-Dd0BYtWgnWJKwO1jkmTrzofjK2QXXcai0dmtzvIBhcA+RsG5h8R3xlyta0kGOZRNfL9GuRtb1knmPEhQrePCEw=="
    }
  },
  "dependencies": {
    "@perry-rylance/midi": {
      "version": "1.0.2",
      "resolved": "https://registry.npmjs.org/@perry-rylance/midi/-/midi-1.0.2.tgz",
      "integrity": "sha512-76l8FlHjtPwVBfALYZueoTKBlWyC0dU74mzCzJDdWgt0wcQQkqz9l5bVeTu85OcUd/IiAExSbWFMMhSa4EttPw=="
    },
    "@types/node": {
      "version": "20.4.2",
      "resolved": "https://registry.npmjs.org/@types/node/-/node-20.4.2.tgz",
      "integrity": "sha512-Dd0BYtWgnWJKwO1jkmTrzofjK2QXXcai0dmtzvIBhcA+RsG5h8R3xlyta0kGOZRNfL9GuRtb1knmPEhQrePCEw=="
    }
  }
}
